PODS:
  - RxAppState (0.3.5):
    - RxCocoa (~> 4.0)
    - RxSwift (~> 4.0)
  - RxCocoa (4.0.0):
    - RxSwift (~> 4.0)
  - RxSwift (4.0.0)

DEPENDENCIES:
  - RxAppState (from `../`)

EXTERNAL SOURCES:
  RxAppState:
    :path: ../

SPEC CHECKSUMS:
  RxAppState: a60bbc36449234e776c6466250d33d27810709c7
  RxCocoa: d62846ca96495d862fa4c59ea7d87e5031d7340e
  RxSwift: fd680d75283beb5e2559486f3c0ff852f0d35334

PODFILE CHECKSUM: d6a6086ccd67e42cb850ddfef504c1a567163500

COCOAPODS: 1.3.1
